
Microsoft Visual Studio Solution File, Format Version 12.00
Project("{FAE04EC0-301F-11D3-BF4B-00C04F79EFBC}") = "ThermostatKata.Tests", "ThermostatKata.Tests\ThermostatKata.Tests.csproj", "{8DD7A47A-FF90-470E-8DB9-524515D0F2CB}"
EndProject
Global
	GlobalSection(SolutionConfigurationPlatforms) = preSolution
		Debug|Any CPU = Debug|Any CPU
		Release|Any CPU = Release|Any CPU
	EndGlobalSection
	GlobalSection(ProjectConfigurationPlatforms) = postSolution
		{8DD7A47A-FF90-470E-8DB9-524515D0F2CB}.Debug|Any CPU.ActiveCfg = Debug|Any CPU
		{8DD7A47A-FF90-470E-8DB9-524515D0F2CB}.Debug|Any CPU.Build.0 = Debug|Any CPU
		{8DD7A47A-FF90-470E-8DB9-524515D0F2CB}.Release|Any CPU.ActiveCfg = Release|Any CPU
		{8DD7A47A-FF90-470E-8DB9-524515D0F2CB}.Release|Any CPU.Build.0 = Release|Any CPU
	EndGlobalSection
EndGlobal
